
Microsoft Visual Studio Solution File, Format Version 12.00
# Visual Studio Version 16
VisualStudioVersion = 16.0.29709.97
MinimumVisualStudioVersion = 10.0.40219.1
Project("{FAE04EC0-301F-11D3-BF4B-00C04F79EFBC}") = "API", "API.csproj", "{C36568B2-A42C-4542-AAEB-3BB603DC83E4}"
EndProject
Project("{FAE04EC0-301F-11D3-BF4B-00C04F79EFBC}") = "LibreriaGenericos", "..\LibreriaGenericos\LibreriaGenericos.csproj", "{D6A24B63-AAE3-4AB8-8389-AC8BA63738C4}"
EndProject
Project("{FAE04EC0-301F-11D3-BF4B-00C04F79EFBC}") = "PruebaConsola", "..\PruebaConsola\PruebaConsola.csproj", "{F09B37C3-630A-4B1C-8621-C8E3FFEB4D20}"
EndProject
Global
	GlobalSection(SolutionConfigurationPlatforms) = preSolution
		Debug|Any CPU = Debug|Any CPU
		Release|Any CPU = Release|Any CPU
	EndGlobalSection
	GlobalSection(ProjectConfigurationPlatforms) = postSolution
		{C36568B2-A42C-4542-AAEB-3BB603DC83E4}.Debug|Any CPU.ActiveCfg = Debug|Any CPU
		{C36568B2-A42C-4542-AAEB-3BB603DC83E4}.Debug|Any CPU.Build.0 = Debug|Any CPU
		{C36568B2-A42C-4542-AAEB-3BB603DC83E4}.Release|Any CPU.ActiveCfg = Release|Any CPU
		{C36568B2-A42C-4542-AAEB-3BB603DC83E4}.Release|Any CPU.Build.0 = Release|Any CPU
		{D6A24B63-AAE3-4AB8-8389-AC8BA63738C4}.Debug|Any CPU.ActiveCfg = Debug|Any CPU
		{D6A24B63-AAE3-4AB8-8389-AC8BA63738C4}.Debug|Any CPU.Build.0 = Debug|Any CPU
		{D6A24B63-AAE3-4AB8-8389-AC8BA63738C4}.Release|Any CPU.ActiveCfg = Release|Any CPU
		{D6A24B63-AAE3-4AB8-8389-AC8BA63738C4}.Release|Any CPU.Build.0 = Release|Any CPU
		{F09B37C3-630A-4B1C-8621-C8E3FFEB4D20}.Debug|Any CPU.ActiveCfg = Debug|Any CPU
		{F09B37C3-630A-4B1C-8621-C8E3FFEB4D20}.Debug|Any CPU.Build.0 = Debug|Any CPU
		{F09B37C3-630A-4B1C-8621-C8E3FFEB4D20}.Release|Any CPU.ActiveCfg = Release|Any CPU
		{F09B37C3-630A-4B1C-8621-C8E3FFEB4D20}.Release|Any CPU.Build.0 = Release|Any CPU
	EndGlobalSection
	GlobalSection(SolutionProperties) = preSolution
		HideSolutionNode = FALSE
	EndGlobalSection
	GlobalSection(ExtensibilityGlobals) = postSolution
		SolutionGuid = {03EDD2BD-58DB-4A46-9216-B407323D9DF4}
	EndGlobalSection
EndGlobal
